<?xml version="1.0" encoding="utf-8"?>
<Project ToolsVersion="4.0" xmlns="http://schemas.microsoft.com/developer/msbuild/2003">
  <ItemGroup>
    <Filter Include="Source Files">
      <UniqueIdentifier>{4FC737F1-C7A5-4376-A066-2A32D752A2FF}</UniqueIdentifier>
      <Extensions>cpp;c;cc;cxx;def;odl;idl;hpj;bat;asm;asmx</Extensions>
    </Filter>
    <Filter Include="Header Files">
      <UniqueIdentifier>{93995380-89BD-4b04-88EB-625FBE52EBFB}</UniqueIdentifier>
      <Extensions>h;hpp;hxx;hm;inl;inc;xsd</Extensions>
    </Filter>
    <Filter Include="Resource Files">
      <UniqueIdentifier>{67DA6AB6-F800-4c08-8B7A-83BB121AAD01}</UniqueIdentifier>
      <Extensions>rc;ico;cur;bmp;dlg;rc2;rct;bin;rgs;gif;jpg;jpeg;jpe;resx;tiff;tif;png;wav;mfcribbon-ms</Extensions>
    </Filter>
    <Filter Include="Utilities">
      <UniqueIdentifier>{b1c057b3-f1b5-4a42-b52f-4be6d35f09a6}</UniqueIdentifier>
    </Filter>
    <Filter Include="Shaders">
      <UniqueIdentifier>{a156cc86-26cb-4c41-aac0-95f6f7a94850}</UniqueIdentifier>
    </Filter>
    <Filter Include="Models">
      <UniqueIdentifier>{999f1bfc-af6d-44cd-843b-98a08c9adb9c}</UniqueIdentifier>
    </Filter>
    <Filter Include="Objects">
      <UniqueIdentifier>{18dbd575-cfc8-46a8-9d77-529b8b3790c3}</UniqueIdentifier>
    </Filter>
    <Filter Include="Server">
      <UniqueIdentifier>{d90ee15d-4d46-4b8a-9297-d9050e5dde01}</UniqueIdentifier>
    </Filter>
  </ItemGroup>
  <ItemGroup>
    <ClCompile Include="..\main.cpp">
      <Filter>Source Files</Filter>
    </ClCompile>
    <ClCompile Include="..\Utilities\Program.cpp">
      <Filter>Utilities</Filter>
    </ClCompile>
    <ClCompile Include="..\Utilities\Model.cpp">
      <Filter>Utilities</Filter>
    </ClCompile>
    <ClCompile Include="..\Utilities\OBJFile.cpp">
      <Filter>Utilities</Filter>
    </ClCompile>
    <ClCompile Include="..\Utilities\Buffer.cpp">
      <Filter>Utilities</Filter>
    </ClCompile>
    <ClCompile Include="..\Utilities\RenderBuffer.cpp">
      <Filter>Utilities</Filter>
    </ClCompile>
    <ClCompile Include="..\Utilities\Screen.cpp">
      <Filter>Utilities</Filter>
    </ClCompile>
    <ClCompile Include="..\Utilities\Texture.cpp">
      <Filter>Utilities</Filter>
    </ClCompile>
    <ClCompile Include="..\Utilities\FBO.cpp">
      <Filter>Utilities</Filter>
    </ClCompile>
    <ClCompile Include="..\Utilities\ParticleSystem.cpp">
      <Filter>Utilities</Filter>
    </ClCompile>
    <ClCompile Include="..\Scene.cpp">
      <Filter>Source Files</Filter>
    </ClCompile>
    <ClCompile Include="..\Objects\Flyable.cpp">
      <Filter>Objects</Filter>
    </ClCompile>
    <ClCompile Include="..\Objects\Map.cpp">
      <Filter>Objects</Filter>
    </ClCompile>
    <ClCompile Include="..\Objects\Object.cpp">
      <Filter>Objects</Filter>
    </ClCompile>
    <ClCompile Include="..\Utilities\Bitmap.cpp">
      <Filter>Utilities</Filter>
    </ClCompile>
    <ClCompile Include="..\Level.cpp">
      <Filter>Source Files</Filter>
    </ClCompile>
    <ClCompile Include="..\Networking.cpp">
      <Filter>Source Files</Filter>
    </ClCompile>
    <ClCompile Include="..\Utilities\Terrain.cpp">
      <Filter>Utilities</Filter>
    </ClCompile>
  </ItemGroup>
  <ItemGroup>
    <ClInclude Include="..\gl.h">
      <Filter>Header Files</Filter>
    </ClInclude>
    <ClInclude Include="..\Utilities\Buffer.h">
      <Filter>Utilities</Filter>
    </ClInclude>
    <ClInclude Include="..\Utilities\Material.h">
      <Filter>Utilities</Filter>
    </ClInclude>
    <ClInclude Include="..\Utilities\Program.h">
      <Filter>Utilities</Filter>
    </ClInclude>
    <ClInclude Include="..\Utilities\Model.h">
      <Filter>Utilities</Filter>
    </ClInclude>
    <ClInclude Include="..\Utilities\OBJFile.h">
      <Filter>Utilities</Filter>
    </ClInclude>
    <ClInclude Include="..\Utilities\RenderBuffer.h">
      <Filter>Utilities</Filter>
    </ClInclude>
    <ClInclude Include="..\Utilities\Screen.h">
      <Filter>Utilities</Filter>
    </ClInclude>
    <ClInclude Include="..\Utilities\Texture.h">
      <Filter>Utilities</Filter>
    </ClInclude>
    <ClInclude Include="..\Utilities\CMSpline.hpp">
      <Filter>Utilities</Filter>
    </ClInclude>
    <ClInclude Include="..\Utilities\FBO.h">
      <Filter>Utilities</Filter>
    </ClInclude>
    <ClInclude Include="..\Utilities\gl.h">
      <Filter>Utilities</Filter>
    </ClInclude>
    <ClInclude Include="..\Utilities\ParticleSystem.h">
      <Filter>Utilities</Filter>
    </ClInclude>
    <ClInclude Include="..\Scene.h">
      <Filter>Header Files</Filter>
    </ClInclude>
    <ClInclude Include="..\Objects\Flyable.h">
      <Filter>Objects</Filter>
    </ClInclude>
    <ClInclude Include="..\Objects\Map.h">
      <Filter>Objects</Filter>
    </ClInclude>
    <ClInclude Include="..\Objects\Object.h">
      <Filter>Objects</Filter>
    </ClInclude>
    <ClInclude Include="..\Utilities\Bitmap.h">
      <Filter>Utilities</Filter>
    </ClInclude>
    <ClInclude Include="..\Level.h">
      <Filter>Header Files</Filter>
    </ClInclude>
    <ClInclude Include="..\Networking.h">
      <Filter>Header Files</Filter>
    </ClInclude>
    <ClInclude Include="..\Utilities\Terrain.h">
      <Filter>Utilities</Filter>
    </ClInclude>
  </ItemGroup>
  <ItemGroup>
    <Object Include="..\Models\cube.obj">
      <Filter>Models</Filter>
    </Object>
    <Object Include="..\Models\ship.obj">
      <Filter>Models</Filter>
    </Object>
  </ItemGroup>
  <ItemGroup>
    <None Include="..\Shaders\hblur.vert">
      <Filter>Shaders</Filter>
    </None>
    <None Include="..\Shaders\main.frag">
      <Filter>Shaders</Filter>
    </None>
    <None Include="..\Shaders\main.vert">
      <Filter>Shaders</Filter>
    </None>
    <None Include="..\Shaders\plain.frag">
      <Filter>Shaders</Filter>
    </None>
    <None Include="..\Shaders\plain.vert">
      <Filter>Shaders</Filter>
    </None>
    <None Include="..\Shaders\quad.frag">
      <Filter>Shaders</Filter>
    </None>
    <None Include="..\Shaders\quad.vert">
      <Filter>Shaders</Filter>
    </None>
    <None Include="..\Shaders\rblur.vert">
      <Filter>Shaders</Filter>
    </None>
    <None Include="..\Shaders\vblur.vert">
      <Filter>Shaders</Filter>
    </None>
    <None Include="..\Shaders\velocity.frag">
      <Filter>Shaders</Filter>
    </None>
    <None Include="..\Shaders\velocity.vert">
      <Filter>Shaders</Filter>
    </None>
    <None Include="..\Shaders\blur.frag">
      <Filter>Shaders</Filter>
    </None>
    <None Include="..\Shaders\terrain.frag">
      <Filter>Shaders</Filter>
    </None>
    <None Include="..\Shaders\terrain.vert">
      <Filter>Shaders</Filter>
    </None>
    <None Include="..\Server\server.go">
      <Filter>Server</Filter>
    </None>
  </ItemGroup>
</Project>