// !$*UTF8*$!
{
	archiveVersion = 1;
	classes = {
	};
	objectVersion = 46;
	objects = {

/* Begin PBXBuildFile section */
		782C9BF6174216EA00C1B104 /* Cocoa.framework in Frameworks */ = {isa = PBXBuildFile; fileRef = 782C9BF5174216EA00C1B104 /* Cocoa.framework */; };
		782C9C0217421A0300C1B104 /* OpenGL.framework in Frameworks */ = {isa = PBXBuildFile; fileRef = 782C9C0117421A0300C1B104 /* OpenGL.framework */; };
		783346C9173B6FA80036E30F /* ApplicationServices.framework in Frameworks */ = {isa = PBXBuildFile; fileRef = 783346C8173B6FA80036E30F /* ApplicationServices.framework */; };
		786F67FE17422A5E00E359E4 /* RenderBuffer.cpp in Sources */ = {isa = PBXBuildFile; fileRef = 786F67FC17422A5E00E359E4 /* RenderBuffer.cpp */; };
		786F680117422A6F00E359E4 /* FBO.cpp in Sources */ = {isa = PBXBuildFile; fileRef = 786F67FF17422A6F00E359E4 /* FBO.cpp */; };
		786F6805174232C800E359E4 /* Screen.cpp in Sources */ = {isa = PBXBuildFile; fileRef = 786F6803174232C800E359E4 /* Screen.cpp */; };
		786F6806174233F400E359E4 /* Program.cpp in Sources */ = {isa = PBXBuildFile; fileRef = 786F67EF1742259B00E359E4 /* Program.cpp */; };
		789B19A317463C8800C90C56 /* Object.cpp in Sources */ = {isa = PBXBuildFile; fileRef = 789B19A117463C8800C90C56 /* Object.cpp */; };
		789B19A617463D1B00C90C56 /* Flyable.cpp in Sources */ = {isa = PBXBuildFile; fileRef = 789B19A417463D1B00C90C56 /* Flyable.cpp */; };
		789B19B31746412600C90C56 /* Bitmap.cpp in Sources */ = {isa = PBXBuildFile; fileRef = 789B19AF1746412600C90C56 /* Bitmap.cpp */; };
		789B19B41746412600C90C56 /* Texture.cpp in Sources */ = {isa = PBXBuildFile; fileRef = 789B19B11746412600C90C56 /* Texture.cpp */; };
		78B0CB7F174244B200CBECC5 /* Model.cpp in Sources */ = {isa = PBXBuildFile; fileRef = 78B0CB7A174244B200CBECC5 /* Model.cpp */; };
		78B0CB80174244B200CBECC5 /* OBJFile.cpp in Sources */ = {isa = PBXBuildFile; fileRef = 78B0CB7C174244B200CBECC5 /* OBJFile.cpp */; };
		78B0CB8417424B6B00CBECC5 /* Buffer.cpp in Sources */ = {isa = PBXBuildFile; fileRef = 78B0CB78174244B200CBECC5 /* Buffer.cpp */; };
		78B1AA001742DF2E003E5C24 /* Scene.cpp in Sources */ = {isa = PBXBuildFile; fileRef = 78B1A9FE1742DF2E003E5C24 /* Scene.cpp */; };
		78B1AA041742EFAE003E5C24 /* ParticleSystem.cpp in Sources */ = {isa = PBXBuildFile; fileRef = 78B1AA021742EFAE003E5C24 /* ParticleSystem.cpp */; };
		78E54B141746F0ED00BFC6B3 /* Level.cpp in Sources */ = {isa = PBXBuildFile; fileRef = 78E54B121746F0ED00BFC6B3 /* Level.cpp */; };
		78E54B181746F85800BFC6B3 /* Map.cpp in Sources */ = {isa = PBXBuildFile; fileRef = 78E54B161746F85800BFC6B3 /* Map.cpp */; };
		8DD76F650486A84900D96B5E /* main.cpp in Sources */ = {isa = PBXBuildFile; fileRef = 08FB7796FE84155DC02AAC07 /* main.cpp */; settings = {ATTRIBUTES = (); }; };
/* End PBXBuildFile section */

/* Begin PBXCopyFilesBuildPhase section */
		8DD76F690486A84900D96B5E /* CopyFiles */ = {
			isa = PBXCopyFilesBuildPhase;
			buildActionMask = 8;
			dstPath = /usr/share/man/man1/;
			dstSubfolderSpec = 0;
			files = (
			);
			runOnlyForDeploymentPostprocessing = 1;
		};
/* End PBXCopyFilesBuildPhase section */

/* Begin PBXFileReference section */
		08FB7796FE84155DC02AAC07 /* main.cpp */ = {isa = PBXFileReference; fileEncoding = 4; lastKnownFileType = sourcecode.cpp.cpp; path = main.cpp; sourceTree = "<group>"; };
		782C9BF5174216EA00C1B104 /* Cocoa.framework */ = {isa = PBXFileReference; lastKnownFileType = wrapper.framework; name = Cocoa.framework; path = ../../../../../../../System/Library/Frameworks/Cocoa.framework; sourceTree = "<group>"; };
		782C9C0117421A0300C1B104 /* OpenGL.framework */ = {isa = PBXFileReference; lastKnownFileType = wrapper.framework; name = OpenGL.framework; path = ../../../../../../../System/Library/Frameworks/OpenGL.framework; sourceTree = "<group>"; };
		783346C8173B6FA80036E30F /* ApplicationServices.framework */ = {isa = PBXFileReference; lastKnownFileType = wrapper.framework; name = ApplicationServices.framework; path = ../../../../../../../System/Library/Frameworks/ApplicationServices.framework; sourceTree = "<group>"; };
		786F67EF1742259B00E359E4 /* Program.cpp */ = {isa = PBXFileReference; lastKnownFileType = sourcecode.cpp.cpp; path = Program.cpp; sourceTree = "<group>"; };
		786F67F01742259B00E359E4 /* Program.h */ = {isa = PBXFileReference; lastKnownFileType = sourcecode.c.h; path = Program.h; sourceTree = "<group>"; };
		786F67FC17422A5E00E359E4 /* RenderBuffer.cpp */ = {isa = PBXFileReference; fileEncoding = 4; lastKnownFileType = sourcecode.cpp.cpp; path = RenderBuffer.cpp; sourceTree = "<group>"; };
		786F67FD17422A5E00E359E4 /* RenderBuffer.h */ = {isa = PBXFileReference; fileEncoding = 4; lastKnownFileType = sourcecode.c.h; path = RenderBuffer.h; sourceTree = "<group>"; };
		786F67FF17422A6F00E359E4 /* FBO.cpp */ = {isa = PBXFileReference; fileEncoding = 4; lastKnownFileType = sourcecode.cpp.cpp; path = FBO.cpp; sourceTree = "<group>"; };
		786F680017422A6F00E359E4 /* FBO.h */ = {isa = PBXFileReference; fileEncoding = 4; lastKnownFileType = sourcecode.c.h; path = FBO.h; sourceTree = "<group>"; };
		786F6803174232C800E359E4 /* Screen.cpp */ = {isa = PBXFileReference; fileEncoding = 4; lastKnownFileType = sourcecode.cpp.cpp; path = Screen.cpp; sourceTree = "<group>"; };
		786F6804174232C800E359E4 /* Screen.h */ = {isa = PBXFileReference; fileEncoding = 4; lastKnownFileType = sourcecode.c.h; path = Screen.h; sourceTree = "<group>"; };
		786F68081742350100E359E4 /* quad.vert */ = {isa = PBXFileReference; lastKnownFileType = sourcecode.glsl; path = quad.vert; sourceTree = "<group>"; };
		786F68091742358200E359E4 /* quad.frag */ = {isa = PBXFileReference; fileEncoding = 4; lastKnownFileType = sourcecode.glsl; path = quad.frag; sourceTree = "<group>"; };
		786F681917423ED700E359E4 /* CMSpline.hpp */ = {isa = PBXFileReference; lastKnownFileType = sourcecode.cpp.h; path = CMSpline.hpp; sourceTree = "<group>"; };
		789B1999174638B400C90C56 /* phong.frag */ = {isa = PBXFileReference; lastKnownFileType = sourcecode.glsl; path = phong.frag; sourceTree = "<group>"; };
		789B199A174638B400C90C56 /* phong.vert */ = {isa = PBXFileReference; lastKnownFileType = sourcecode.glsl; path = phong.vert; sourceTree = "<group>"; };
		789B19A117463C8800C90C56 /* Object.cpp */ = {isa = PBXFileReference; fileEncoding = 4; lastKnownFileType = sourcecode.cpp.cpp; path = Object.cpp; sourceTree = "<group>"; };
		789B19A217463C8800C90C56 /* Object.h */ = {isa = PBXFileReference; fileEncoding = 4; lastKnownFileType = sourcecode.c.h; path = Object.h; sourceTree = "<group>"; };
		789B19A417463D1B00C90C56 /* Flyable.cpp */ = {isa = PBXFileReference; fileEncoding = 4; lastKnownFileType = sourcecode.cpp.cpp; path = Flyable.cpp; sourceTree = "<group>"; };
		789B19A517463D1B00C90C56 /* Flyable.h */ = {isa = PBXFileReference; fileEncoding = 4; lastKnownFileType = sourcecode.c.h; path = Flyable.h; sourceTree = "<group>"; };
		789B19AF1746412600C90C56 /* Bitmap.cpp */ = {isa = PBXFileReference; fileEncoding = 4; lastKnownFileType = sourcecode.cpp.cpp; path = Bitmap.cpp; sourceTree = "<group>"; };
		789B19B01746412600C90C56 /* Bitmap.h */ = {isa = PBXFileReference; fileEncoding = 4; lastKnownFileType = sourcecode.c.h; path = Bitmap.h; sourceTree = "<group>"; };
		789B19B11746412600C90C56 /* Texture.cpp */ = {isa = PBXFileReference; fileEncoding = 4; lastKnownFileType = sourcecode.cpp.cpp; path = Texture.cpp; sourceTree = "<group>"; };
		789B19B21746412600C90C56 /* Texture.h */ = {isa = PBXFileReference; fileEncoding = 4; lastKnownFileType = sourcecode.c.h; path = Texture.h; sourceTree = "<group>"; };
		789B19B51746417F00C90C56 /* blur.frag */ = {isa = PBXFileReference; lastKnownFileType = sourcecode.glsl; path = blur.frag; sourceTree = "<group>"; };
		789B19B61746417F00C90C56 /* hblur.vert */ = {isa = PBXFileReference; lastKnownFileType = sourcecode.glsl; path = hblur.vert; sourceTree = "<group>"; };
		789B19B71746417F00C90C56 /* rblur.vert */ = {isa = PBXFileReference; lastKnownFileType = sourcecode.glsl; path = rblur.vert; sourceTree = "<group>"; };
		789B19B81746417F00C90C56 /* vblur.vert */ = {isa = PBXFileReference; lastKnownFileType = sourcecode.glsl; path = vblur.vert; sourceTree = "<group>"; };
		789B19B91746417F00C90C56 /* velocity.frag */ = {isa = PBXFileReference; lastKnownFileType = sourcecode.glsl; path = velocity.frag; sourceTree = "<group>"; };
		789B19BA1746417F00C90C56 /* velocity.vert */ = {isa = PBXFileReference; lastKnownFileType = sourcecode.glsl; path = velocity.vert; sourceTree = "<group>"; };
		78B0CB78174244B200CBECC5 /* Buffer.cpp */ = {isa = PBXFileReference; fileEncoding = 4; lastKnownFileType = sourcecode.cpp.cpp; path = Buffer.cpp; sourceTree = "<group>"; };
		78B0CB79174244B200CBECC5 /* Buffer.h */ = {isa = PBXFileReference; fileEncoding = 4; lastKnownFileType = sourcecode.c.h; path = Buffer.h; sourceTree = "<group>"; };
		78B0CB7A174244B200CBECC5 /* Model.cpp */ = {isa = PBXFileReference; fileEncoding = 4; lastKnownFileType = sourcecode.cpp.cpp; path = Model.cpp; sourceTree = "<group>"; };
		78B0CB7B174244B200CBECC5 /* Model.h */ = {isa = PBXFileReference; fileEncoding = 4; lastKnownFileType = sourcecode.c.h; path = Model.h; sourceTree = "<group>"; };
		78B0CB7C174244B200CBECC5 /* OBJFile.cpp */ = {isa = PBXFileReference; fileEncoding = 4; lastKnownFileType = sourcecode.cpp.cpp; path = OBJFile.cpp; sourceTree = "<group>"; };
		78B0CB7D174244B200CBECC5 /* OBJFile.h */ = {isa = PBXFileReference; fileEncoding = 4; lastKnownFileType = sourcecode.c.h; path = OBJFile.h; sourceTree = "<group>"; };
		78B0CB821742454B00CBECC5 /* plain.frag */ = {isa = PBXFileReference; lastKnownFileType = sourcecode.glsl; path = plain.frag; sourceTree = "<group>"; };
		78B0CB831742454B00CBECC5 /* plain.vert */ = {isa = PBXFileReference; lastKnownFileType = sourcecode.glsl; path = plain.vert; sourceTree = "<group>"; };
		78B0CB8517424E0C00CBECC5 /* Material.h */ = {isa = PBXFileReference; lastKnownFileType = sourcecode.c.h; path = Material.h; sourceTree = "<group>"; };
		78B1A9FE1742DF2E003E5C24 /* Scene.cpp */ = {isa = PBXFileReference; fileEncoding = 4; lastKnownFileType = sourcecode.cpp.cpp; path = Scene.cpp; sourceTree = "<group>"; };
		78B1A9FF1742DF2E003E5C24 /* Scene.h */ = {isa = PBXFileReference; fileEncoding = 4; lastKnownFileType = sourcecode.c.h; path = Scene.h; sourceTree = "<group>"; };
		78B1AA021742EFAE003E5C24 /* ParticleSystem.cpp */ = {isa = PBXFileReference; fileEncoding = 4; lastKnownFileType = sourcecode.cpp.cpp; path = ParticleSystem.cpp; sourceTree = "<group>"; };
		78B1AA031742EFAE003E5C24 /* ParticleSystem.h */ = {isa = PBXFileReference; fileEncoding = 4; lastKnownFileType = sourcecode.c.h; path = ParticleSystem.h; sourceTree = "<group>"; };
		78E54B121746F0ED00BFC6B3 /* Level.cpp */ = {isa = PBXFileReference; fileEncoding = 4; lastKnownFileType = sourcecode.cpp.cpp; path = Level.cpp; sourceTree = "<group>"; };
		78E54B131746F0ED00BFC6B3 /* Level.h */ = {isa = PBXFileReference; fileEncoding = 4; lastKnownFileType = sourcecode.c.h; path = Level.h; sourceTree = "<group>"; };
		78E54B161746F85800BFC6B3 /* Map.cpp */ = {isa = PBXFileReference; fileEncoding = 4; lastKnownFileType = sourcecode.cpp.cpp; path = Map.cpp; sourceTree = "<group>"; };
		78E54B171746F85800BFC6B3 /* Map.h */ = {isa = PBXFileReference; fileEncoding = 4; lastKnownFileType = sourcecode.c.h; path = Map.h; sourceTree = "<group>"; };
		8DD76F6C0486A84900D96B5E /* EndersGame */ = {isa = PBXFileReference; explicitFileType = "compiled.mach-o.executable"; includeInIndex = 0; path = EndersGame; sourceTree = BUILT_PRODUCTS_DIR; };
/* End PBXFileReference section */

/* Begin PBXFrameworksBuildPhase section */
		8DD76F660486A84900D96B5E /* Frameworks */ = {
			isa = PBXFrameworksBuildPhase;
			buildActionMask = 2147483647;
			files = (
				782C9C0217421A0300C1B104 /* OpenGL.framework in Frameworks */,
				782C9BF6174216EA00C1B104 /* Cocoa.framework in Frameworks */,
				783346C9173B6FA80036E30F /* ApplicationServices.framework in Frameworks */,
			);
			runOnlyForDeploymentPostprocessing = 0;
		};
/* End PBXFrameworksBuildPhase section */

/* Begin PBXGroup section */
		08FB7794FE84155DC02AAC07 /* Assignment1 */ = {
			isa = PBXGroup;
			children = (
				782C9C0117421A0300C1B104 /* OpenGL.framework */,
				782C9BF5174216EA00C1B104 /* Cocoa.framework */,
				783346C8173B6FA80036E30F /* ApplicationServices.framework */,
				786F68071742350100E359E4 /* Shaders */,
				789B19A017463C2C00C90C56 /* Objects */,
				782BEAC117221FCD007668C8 /* Utilities */,
				08FB7795FE84155DC02AAC07 /* Source */,
				C6859E8C029090F304C91782 /* Documentation */,
				1AB674ADFE9D54B511CA2CBB /* Products */,
			);
			name = Assignment1;
			sourceTree = "<group>";
		};
		08FB7795FE84155DC02AAC07 /* Source */ = {
			isa = PBXGroup;
			children = (
				08FB7796FE84155DC02AAC07 /* main.cpp */,
				78B1A9FE1742DF2E003E5C24 /* Scene.cpp */,
				78B1A9FF1742DF2E003E5C24 /* Scene.h */,
				78E54B121746F0ED00BFC6B3 /* Level.cpp */,
				78E54B131746F0ED00BFC6B3 /* Level.h */,
			);
			name = Source;
			sourceTree = "<group>";
		};
		1AB674ADFE9D54B511CA2CBB /* Products */ = {
			isa = PBXGroup;
			children = (
				8DD76F6C0486A84900D96B5E /* EndersGame */,
			);
			name = Products;
			sourceTree = "<group>";
		};
		782BEAC117221FCD007668C8 /* Utilities */ = {
			isa = PBXGroup;
			children = (
				789B19AF1746412600C90C56 /* Bitmap.cpp */,
				789B19B01746412600C90C56 /* Bitmap.h */,
				789B19B11746412600C90C56 /* Texture.cpp */,
				789B19B21746412600C90C56 /* Texture.h */,
				78B0CB8517424E0C00CBECC5 /* Material.h */,
				78B0CB78174244B200CBECC5 /* Buffer.cpp */,
				78B0CB79174244B200CBECC5 /* Buffer.h */,
				78B0CB7A174244B200CBECC5 /* Model.cpp */,
				78B0CB7B174244B200CBECC5 /* Model.h */,
				78B0CB7C174244B200CBECC5 /* OBJFile.cpp */,
				78B0CB7D174244B200CBECC5 /* OBJFile.h */,
				786F681917423ED700E359E4 /* CMSpline.hpp */,
				786F6803174232C800E359E4 /* Screen.cpp */,
				786F6804174232C800E359E4 /* Screen.h */,
				786F67FF17422A6F00E359E4 /* FBO.cpp */,
				786F680017422A6F00E359E4 /* FBO.h */,
				786F67FC17422A5E00E359E4 /* RenderBuffer.cpp */,
				786F67FD17422A5E00E359E4 /* RenderBuffer.h */,
				786F67EF1742259B00E359E4 /* Program.cpp */,
				786F67F01742259B00E359E4 /* Program.h */,
				78B1AA021742EFAE003E5C24 /* ParticleSystem.cpp */,
				78B1AA031742EFAE003E5C24 /* ParticleSystem.h */,
			);
			path = Utilities;
			sourceTree = "<group>";
		};
		786F68071742350100E359E4 /* Shaders */ = {
			isa = PBXGroup;
			children = (
				789B19B51746417F00C90C56 /* blur.frag */,
				789B19B61746417F00C90C56 /* hblur.vert */,
				789B19B71746417F00C90C56 /* rblur.vert */,
				789B19B81746417F00C90C56 /* vblur.vert */,
				789B19B91746417F00C90C56 /* velocity.frag */,
				789B19BA1746417F00C90C56 /* velocity.vert */,
				786F68091742358200E359E4 /* quad.frag */,
				786F68081742350100E359E4 /* quad.vert */,
				789B1999174638B400C90C56 /* phong.frag */,
				789B199A174638B400C90C56 /* phong.vert */,
				78B0CB821742454B00CBECC5 /* plain.frag */,
				78B0CB831742454B00CBECC5 /* plain.vert */,
			);
			path = Shaders;
			sourceTree = SOURCE_ROOT;
		};
		789B19A017463C2C00C90C56 /* Objects */ = {
			isa = PBXGroup;
			children = (
				789B19A117463C8800C90C56 /* Object.cpp */,
				789B19A217463C8800C90C56 /* Object.h */,
				789B19A417463D1B00C90C56 /* Flyable.cpp */,
				789B19A517463D1B00C90C56 /* Flyable.h */,
				78E54B161746F85800BFC6B3 /* Map.cpp */,
				78E54B171746F85800BFC6B3 /* Map.h */,
			);
			path = Objects;
			sourceTree = "<group>";
		};
		C6859E8C029090F304C91782 /* Documentation */ = {
			isa = PBXGroup;
			children = (
			);
			name = Documentation;
			sourceTree = "<group>";
		};
/* End PBXGroup section */

/* Begin PBXNativeTarget section */
		8DD76F620486A84900D96B5E /* EndersGame */ = {
			isa = PBXNativeTarget;
			buildConfigurationList = 1DEB923108733DC60010E9CD /* Build configuration list for PBXNativeTarget "EndersGame" */;
			buildPhases = (
				8DD76F640486A84900D96B5E /* Sources */,
				8DD76F660486A84900D96B5E /* Frameworks */,
				8DD76F690486A84900D96B5E /* CopyFiles */,
			);
			buildRules = (
			);
			dependencies = (
			);
			name = EndersGame;
			productInstallPath = "$(HOME)/bin";
			productName = Assignment1;
			productReference = 8DD76F6C0486A84900D96B5E /* EndersGame */;
			productType = "com.apple.product-type.tool";
		};
/* End PBXNativeTarget section */

/* Begin PBXProject section */
		08FB7793FE84155DC02AAC07 /* Project object */ = {
			isa = PBXProject;
			attributes = {
				LastUpgradeCheck = 0450;
			};
			buildConfigurationList = 1DEB923508733DC60010E9CD /* Build configuration list for PBXProject "EndersGame" */;
			compatibilityVersion = "Xcode 3.2";
			developmentRegion = English;
			hasScannedForEncodings = 1;
			knownRegions = (
				en,
			);
			mainGroup = 08FB7794FE84155DC02AAC07 /* Assignment1 */;
			projectDirPath = "";
			projectRoot = "";
			targets = (
				8DD76F620486A84900D96B5E /* EndersGame */,
			);
		};
/* End PBXProject section */

/* Begin PBXSourcesBuildPhase section */
		8DD76F640486A84900D96B5E /* Sources */ = {
			isa = PBXSourcesBuildPhase;
			buildActionMask = 2147483647;
			files = (
				78B0CB8417424B6B00CBECC5 /* Buffer.cpp in Sources */,
				786F6806174233F400E359E4 /* Program.cpp in Sources */,
				8DD76F650486A84900D96B5E /* main.cpp in Sources */,
				786F67FE17422A5E00E359E4 /* RenderBuffer.cpp in Sources */,
				786F680117422A6F00E359E4 /* FBO.cpp in Sources */,
				786F6805174232C800E359E4 /* Screen.cpp in Sources */,
				78B0CB7F174244B200CBECC5 /* Model.cpp in Sources */,
				78B0CB80174244B200CBECC5 /* OBJFile.cpp in Sources */,
				78B1AA001742DF2E003E5C24 /* Scene.cpp in Sources */,
				78B1AA041742EFAE003E5C24 /* ParticleSystem.cpp in Sources */,
				789B19A317463C8800C90C56 /* Object.cpp in Sources */,
				789B19A617463D1B00C90C56 /* Flyable.cpp in Sources */,
				789B19B31746412600C90C56 /* Bitmap.cpp in Sources */,
				789B19B41746412600C90C56 /* Texture.cpp in Sources */,
				78E54B141746F0ED00BFC6B3 /* Level.cpp in Sources */,
				78E54B181746F85800BFC6B3 /* Map.cpp in Sources */,
			);
			runOnlyForDeploymentPostprocessing = 0;
		};
/* End PBXSourcesBuildPhase section */

/* Begin XCBuildConfiguration section */
		1DEB923208733DC60010E9CD /* Debug */ = {
			isa = XCBuildConfiguration;
			buildSettings = {
				ARCHS = "$(ARCHS_STANDARD_64_BIT)";
				CLANG_LINK_OBJC_RUNTIME = NO;
				COPY_PHASE_STRIP = NO;
				GCC_DYNAMIC_NO_PIC = NO;
				GCC_MODEL_TUNING = G5;
				GCC_OPTIMIZATION_LEVEL = 0;
				HEADER_SEARCH_PATHS = /usr/include;
				INSTALL_PATH = "$(HOME)/bin";
				LIBRARY_SEARCH_PATHS = /usr/lib;
				OTHER_LDFLAGS = "-lglfw";
				PRODUCT_NAME = EndersGame;
				ZERO_LINK = YES;
			};
			name = Debug;
		};
		1DEB923308733DC60010E9CD /* Release */ = {
			isa = XCBuildConfiguration;
			buildSettings = {
				ARCHS = "$(ARCHS_STANDARD_64_BIT)";
				CLANG_LINK_OBJC_RUNTIME = NO;
				GCC_GENERATE_DEBUGGING_SYMBOLS = NO;
				GCC_MODEL_TUNING = G5;
				GCC_OPTIMIZATION_LEVEL = 0;
				HEADER_SEARCH_PATHS = /usr/include;
				INSTALL_PATH = "$(HOME)/bin";
				LIBRARY_SEARCH_PATHS = /usr/lib;
				OTHER_LDFLAGS = "-lglfw";
				PRODUCT_NAME = EndersGame;
			};
			name = Release;
		};
		1DEB923608733DC60010E9CD /* Debug */ = {
			isa = XCBuildConfiguration;
			buildSettings = {
				ARCHS = "$(ARCHS_STANDARD_64_BIT)";
				GCC_WARN_ABOUT_RETURN_TYPE = YES;
				GCC_WARN_UNUSED_VARIABLE = YES;
				OTHER_CFLAGS = "";
				SDKROOT = "";
			};
			name = Debug;
		};
		1DEB923708733DC60010E9CD /* Release */ = {
			isa = XCBuildConfiguration;
			buildSettings = {
				ARCHS = "$(ARCHS_STANDARD_64_BIT)";
				GCC_WARN_ABOUT_RETURN_TYPE = YES;
				GCC_WARN_UNUSED_VARIABLE = YES;
				OTHER_CFLAGS = "";
				SDKROOT = "";
			};
			name = Release;
		};
/* End XCBuildConfiguration section */

/* Begin XCConfigurationList section */
		1DEB923108733DC60010E9CD /* Build configuration list for PBXNativeTarget "EndersGame" */ = {
			isa = XCConfigurationList;
			buildConfigurations = (
				1DEB923208733DC60010E9CD /* Debug */,
				1DEB923308733DC60010E9CD /* Release */,
			);
			defaultConfigurationIsVisible = 0;
			defaultConfigurationName = Release;
		};
		1DEB923508733DC60010E9CD /* Build configuration list for PBXProject "EndersGame" */ = {
			isa = XCConfigurationList;
			buildConfigurations = (
				1DEB923608733DC60010E9CD /* Debug */,
				1DEB923708733DC60010E9CD /* Release */,
			);
			defaultConfigurationIsVisible = 0;
			defaultConfigurationName = Release;
		};
/* End XCConfigurationList section */
	};
	rootObject = 08FB7793FE84155DC02AAC07 /* Project object */;
}
